
Microsoft Visual Studio Solution File, Format Version 12.00
# Visual Studio Version 18
VisualStudioVersion = 18.5.11801.241
MinimumVisualStudioVersion = 10.0.40219.1
Project("{FAE04EC0-301F-11D3-BF4B-00C04F79EFBC}") = "Booking", "Booking.csproj", "{817E7C3B-531B-7817-454A-3ECCD901CBEB}"
EndProject
Project("{FAE04EC0-301F-11D3-BF4B-00C04F79EFBC}") = "SharedComponents.Rcl", "..\OneTwo\SharedComponents.Rcl\SharedComponents.Rcl.csproj", "{95937BFE-C3A5-748A-6F77-2466DC43E643}"
EndProject
Global
	GlobalSection(SolutionConfigurationPlatforms) = preSolution
		Debug|Any CPU = Debug|Any CPU
		Release|Any CPU = Release|Any CPU
	EndGlobalSection
	GlobalSection(ProjectConfigurationPlatforms) = postSolution
		{817E7C3B-531B-7817-454A-3ECCD901CBEB}.Debug|Any CPU.ActiveCfg = Debug|Any CPU
		{817E7C3B-531B-7817-454A-3ECCD901CBEB}.Debug|Any CPU.Build.0 = Debug|Any CPU
		{817E7C3B-531B-7817-454A-3ECCD901CBEB}.Release|Any CPU.ActiveCfg = Release|Any CPU
		{817E7C3B-531B-7817-454A-3ECCD901CBEB}.Release|Any CPU.Build.0 = Release|Any CPU
		{95937BFE-C3A5-748A-6F77-2466DC43E643}.Debug|Any CPU.ActiveCfg = Debug|Any CPU
		{95937BFE-C3A5-748A-6F77-2466DC43E643}.Debug|Any CPU.Build.0 = Debug|Any CPU
		{95937BFE-C3A5-748A-6F77-2466DC43E643}.Release|Any CPU.ActiveCfg = Release|Any CPU
		{95937BFE-C3A5-748A-6F77-2466DC43E643}.Release|Any CPU.Build.0 = Release|Any CPU
	EndGlobalSection
	GlobalSection(SolutionProperties) = preSolution
		HideSolutionNode = FALSE
	EndGlobalSection
	GlobalSection(ExtensibilityGlobals) = postSolution
		SolutionGuid = {C34BF79B-BE44-4FD9-BBB8-CA77E04FA461}
	EndGlobalSection
EndGlobal
